# This file is automatically @generated by Poetry 1.8.3 and should not be changed by hand.

[[package]]
name = "emoji"
version = "2.11.1"
description = "Emoji for Python"
optional = false
python-versions = "!=3.0.*,!=3.1.*,!=3.2.*,!=3.3.*,>=2.7"
files = [
    {file = "emoji-2.11.1-py2.py3-none-any.whl", hash = "sha256:b7ba25299bbf520cc8727848ae66b986da32aee27dc2887eaea2bff07226ce49"},
    {file = "emoji-2.11.1.tar.gz", hash = "sha256:062ff0b3154b6219143f8b9f4b3e5c64c35bc2b146e6e2349ab5f29e218ce1ee"},
]

[package.extras]
dev = ["coverage", "coveralls", "pytest"]

[metadata]
lock-version = "2.0"
python-versions = "^3.11"
content-hash = "91b04e9896f0a95ebb43c64ea545876358bdf54fa1be7390e64815a0749d6f61"
